
Microsoft Visual Studio Solution File, Format Version 12.00
# Visual Studio Version 17
VisualStudioVersion = 17.4.33110.190
MinimumVisualStudioVersion = 10.0.40219.1
Project("{FAE04EC0-301F-11D3-BF4B-00C04F79EFBC}") = "Fibonnaci Sequence", "Fibonnaci Sequence\Fibonnaci Sequence.csproj", "{A5EF769D-F015-4F60-B34A-A8A34F622BE7}"
EndProject
Global
	GlobalSection(SolutionConfigurationPlatforms) = preSolution
		Debug|Any CPU = Debug|Any CPU
		Release|Any CPU = Release|Any CPU
	EndGlobalSection
	GlobalSection(ProjectConfigurationPlatforms) = postSolution
		{A5EF769D-F015-4F60-B34A-A8A34F622BE7}.Debug|Any CPU.ActiveCfg = Release|Any CPU
		{A5EF769D-F015-4F60-B34A-A8A34F622BE7}.Debug|Any CPU.Build.0 = Release|Any CPU
		{A5EF769D-F015-4F60-B34A-A8A34F622BE7}.Release|Any CPU.ActiveCfg = Release|Any CPU
		{A5EF769D-F015-4F60-B34A-A8A34F622BE7}.Release|Any CPU.Build.0 = Release|Any CPU
	EndGlobalSection
	GlobalSection(SolutionProperties) = preSolution
		HideSolutionNode = FALSE
	EndGlobalSection
	GlobalSection(ExtensibilityGlobals) = postSolution
		SolutionGuid = {2FC158A4-0B6E-40C0-9D96-196105D95EC7}
	EndGlobalSection
EndGlobal
